Microsoft Visual Studio Solution File, Format Version 12.00
# Visual Studio 2012
Project("{FAE04EC0-301F-11D3-BF4B-00C04F79EFBC}") = "12 Game Level Design", "12 Game Level Design.csproj", "{70CE9118-42E6-4E6A-85B7-8DAD6FAEBCC8}"
EndProject
Global
	GlobalSection(SolutionConfigurationPlatforms) = preSolution
	Debug|Any CPU = Debug|Any CPU
	ExportDebug|Any CPU = ExportDebug|Any CPU
	ExportRelease|Any CPU = ExportRelease|Any CPU
	EndGlobalSection
	GlobalSection(ProjectConfigurationPlatforms) = postSolution
		{70CE9118-42E6-4E6A-85B7-8DAD6FAEBCC8}.Debug|Any CPU.ActiveCfg = Debug|Any CPU
		{70CE9118-42E6-4E6A-85B7-8DAD6FAEBCC8}.Debug|Any CPU.Build.0 = Debug|Any CPU
		{70CE9118-42E6-4E6A-85B7-8DAD6FAEBCC8}.ExportDebug|Any CPU.ActiveCfg = ExportDebug|Any CPU
		{70CE9118-42E6-4E6A-85B7-8DAD6FAEBCC8}.ExportDebug|Any CPU.Build.0 = ExportDebug|Any CPU
		{70CE9118-42E6-4E6A-85B7-8DAD6FAEBCC8}.ExportRelease|Any CPU.ActiveCfg = ExportRelease|Any CPU
		{70CE9118-42E6-4E6A-85B7-8DAD6FAEBCC8}.ExportRelease|Any CPU.Build.0 = ExportRelease|Any CPU
	EndGlobalSection
EndGlobal
